
Microsoft Visual Studio Solution File, Format Version 12.00
# Visual Studio Version 16
VisualStudioVersion = 16.0.30104.148
MinimumVisualStudioVersion = 10.0.40219.1
Project("{FAE04EC0-301F-11D3-BF4B-00C04F79EFBC}") = "Hoprof-Karp", "Hoprof-Karp\Hoprof-Karp.csproj", "{B7E0B34F-0008-4B81-8543-41FDA63E050E}"
EndProject
Global
	GlobalSection(SolutionConfigurationPlatforms) = preSolution
		Debug|Any CPU = Debug|Any CPU
		Release|Any CPU = Release|Any CPU
	EndGlobalSection
	GlobalSection(ProjectConfigurationPlatforms) = postSolution
		{B7E0B34F-0008-4B81-8543-41FDA63E050E}.Debug|Any CPU.ActiveCfg = Debug|Any CPU
		{B7E0B34F-0008-4B81-8543-41FDA63E050E}.Debug|Any CPU.Build.0 = Debug|Any CPU
		{B7E0B34F-0008-4B81-8543-41FDA63E050E}.Release|Any CPU.ActiveCfg = Release|Any CPU
		{B7E0B34F-0008-4B81-8543-41FDA63E050E}.Release|Any CPU.Build.0 = Release|Any CPU
	EndGlobalSection
	GlobalSection(SolutionProperties) = preSolution
		HideSolutionNode = FALSE
	EndGlobalSection
	GlobalSection(ExtensibilityGlobals) = postSolution
		SolutionGuid = {D0165A0E-2F2F-437D-96A6-AEC36C66A3B3}
	EndGlobalSection
EndGlobal
